
Microsoft Visual Studio Solution File, Format Version 12.00
# Visual Studio 2012
Project("{FAE04EC0-301F-11D3-BF4B-00C04F79EFBC}") = "NegativeWords", "NegativeWords\NegativeWords.csproj", "{A8F9B759-56BD-4389-BF62-1686D53D7608}"
EndProject
Project("{FAE04EC0-301F-11D3-BF4B-00C04F79EFBC}") = "NegativeWordsTest", "NegativeWordsTest\NegativeWordsTest.csproj", "{9379D03C-D684-4693-8188-E2E3C0B99BC9}"
EndProject
Project("{FAE04EC0-301F-11D3-BF4B-00C04F79EFBC}") = "DataAccess", "DataAccess\DataAccess.csproj", "{C988807A-0943-48B9-BEB2-E7EE1052EF50}"
EndProject
Global
	GlobalSection(SolutionConfigurationPlatforms) = preSolution
		Debug|Any CPU = Debug|Any CPU
		Release|Any CPU = Release|Any CPU
	EndGlobalSection
	GlobalSection(ProjectConfigurationPlatforms) = postSolution
		{A8F9B759-56BD-4389-BF62-1686D53D7608}.Debug|Any CPU.ActiveCfg = Debug|Any CPU
		{A8F9B759-56BD-4389-BF62-1686D53D7608}.Debug|Any CPU.Build.0 = Debug|Any CPU
		{A8F9B759-56BD-4389-BF62-1686D53D7608}.Release|Any CPU.ActiveCfg = Release|Any CPU
		{A8F9B759-56BD-4389-BF62-1686D53D7608}.Release|Any CPU.Build.0 = Release|Any CPU
		{9379D03C-D684-4693-8188-E2E3C0B99BC9}.Debug|Any CPU.ActiveCfg = Debug|Any CPU
		{9379D03C-D684-4693-8188-E2E3C0B99BC9}.Debug|Any CPU.Build.0 = Debug|Any CPU
		{9379D03C-D684-4693-8188-E2E3C0B99BC9}.Release|Any CPU.ActiveCfg = Release|Any CPU
		{9379D03C-D684-4693-8188-E2E3C0B99BC9}.Release|Any CPU.Build.0 = Release|Any CPU
		{C988807A-0943-48B9-BEB2-E7EE1052EF50}.Debug|Any CPU.ActiveCfg = Debug|Any CPU
		{C988807A-0943-48B9-BEB2-E7EE1052EF50}.Debug|Any CPU.Build.0 = Debug|Any CPU
		{C988807A-0943-48B9-BEB2-E7EE1052EF50}.Release|Any CPU.ActiveCfg = Release|Any CPU
		{C988807A-0943-48B9-BEB2-E7EE1052EF50}.Release|Any CPU.Build.0 = Release|Any CPU
	EndGlobalSection
	GlobalSection(SolutionProperties) = preSolution
		HideSolutionNode = FALSE
	EndGlobalSection
EndGlobal
